// !$*UTF8*$!
{
	archiveVersion = 1;
	classes = {
	};
	objectVersion = 46;
	objects = {

/* Begin PBXBuildFile section */
		0BB5E4171906404A00BB9C25 /* Foundation.framework in Frameworks */ = {isa = PBXBuildFile; fileRef = 0BB5E4161906404A00BB9C25 /* Foundation.framework */; };
		0BB5E4191906404A00BB9C25 /* CoreGraphics.framework in Frameworks */ = {isa = PBXBuildFile; fileRef = 0BB5E4181906404A00BB9C25 /* CoreGraphics.framework */; };
		0BB5E41B1906404A00BB9C25 /* UIKit.framework in Frameworks */ = {isa = PBXBuildFile; fileRef = 0BB5E41A1906404A00BB9C25 /* UIKit.framework */; };
		0BB5E4211906404A00BB9C25 /* InfoPlist.strings in Resources */ = {isa = PBXBuildFile; fileRef = 0BB5E41F1906404A00BB9C25 /* InfoPlist.strings */; };
		0BB5E4231906404A00BB9C25 /* main.m in Sources */ = {isa = PBXBuildFile; fileRef = 0BB5E4221906404A00BB9C25 /* main.m */; };
		0BB5E4271906404A00BB9C25 /* OOAppDelegate.m in Sources */ = {isa = PBXBuildFile; fileRef = 0BB5E4261906404A00BB9C25 /* OOAppDelegate.m */; };
		0BB5E42A1906404A00BB9C25 /* Main.storyboard in Resources */ = {isa = PBXBuildFile; fileRef = 0BB5E4281906404A00BB9C25 /* Main.storyboard */; };
		0BB5E42D1906404A00BB9C25 /* OOViewController.m in Sources */ = {isa = PBXBuildFile; fileRef = 0BB5E42C1906404A00BB9C25 /* OOViewController.m */; };
		0BB5E42F1906404A00BB9C25 /* Images.xcassets in Resources */ = {isa = PBXBuildFile; fileRef = 0BB5E42E1906404A00BB9C25 /* Images.xcassets */; };
		0BB5E4361906404A00BB9C25 /* XCTest.framework in Frameworks */ = {isa = PBXBuildFile; fileRef = 0BB5E4351906404A00BB9C25 /* XCTest.framework */; };
		0BB5E4371906404A00BB9C25 /* Foundation.framework in Frameworks */ = {isa = PBXBuildFile; fileRef = 0BB5E4161906404A00BB9C25 /* Foundation.framework */; };
		0BB5E4381906404A00BB9C25 /* UIKit.framework in Frameworks */ = {isa = PBXBuildFile; fileRef = 0BB5E41A1906404A00BB9C25 /* UIKit.framework */; };
		0BB5E4401906404A00BB9C25 /* InfoPlist.strings in Resources */ = {isa = PBXBuildFile; fileRef = 0BB5E43E1906404A00BB9C25 /* InfoPlist.strings */; };
		0BB5E4421906404A00BB9C25 /* Git_TestTests.m in Sources */ = {isa = PBXBuildFile; fileRef = 0BB5E4411906404A00BB9C25 /* Git_TestTests.m */; };
		0BB5E44D190644F600BB9C25 /* OOTest.m in Sources */ = {isa = PBXBuildFile; fileRef = 0BB5E44C190644F600BB9C25 /* OOTest.m */; };
/* End PBXBuildFile section */

/* Begin PBXContainerItemProxy section */
		0BB5E4391906404A00BB9C25 /* PBXContainerItemProxy */ = {
			isa = PBXContainerItemProxy;
			containerPortal = 0BB5E40B1906404A00BB9C25 /* Project object */;
			proxyType = 1;
			remoteGlobalIDString = 0BB5E4121906404A00BB9C25;
			remoteInfo = "Git Test";
		};
/* End PBXContainerItemProxy section */

/* Begin PBXFileReference section */
		0BB5E4131906404A00BB9C25 /* Git Test.app */ = {isa = PBXFileReference; explicitFileType = wrapper.application; includeInIndex = 0; path = "Git Test.app"; sourceTree = BUILT_PRODUCTS_DIR; };
		0BB5E4161906404A00BB9C25 /* Foundation.framework */ = {isa = PBXFileReference; lastKnownFileType = wrapper.framework; name = Foundation.framework; path = System/Library/Frameworks/Foundation.framework; sourceTree = SDKROOT; };
		0BB5E4181906404A00BB9C25 /* CoreGraphics.framework */ = {isa = PBXFileReference; lastKnownFileType = wrapper.framework; name = CoreGraphics.framework; path = System/Library/Frameworks/CoreGraphics.framework; sourceTree = SDKROOT; };
		0BB5E41A1906404A00BB9C25 /* UIKit.framework */ = {isa = PBXFileReference; lastKnownFileType = wrapper.framework; name = UIKit.framework; path = System/Library/Frameworks/UIKit.framework; sourceTree = SDKROOT; };
		0BB5E41E1906404A00BB9C25 /* Git Test-Info.plist */ = {isa = PBXFileReference; lastKnownFileType = text.plist.xml; path = "Git Test-Info.plist"; sourceTree = "<group>"; };
		0BB5E4201906404A00BB9C25 /* en */ = {isa = PBXFileReference; lastKnownFileType = text.plist.strings; name = en; path = en.lproj/InfoPlist.strings; sourceTree = "<group>"; };
		0BB5E4221906404A00BB9C25 /* main.m */ = {isa = PBXFileReference; lastKnownFileType = sourcecode.c.objc; path = main.m; sourceTree = "<group>"; };
		0BB5E4241906404A00BB9C25 /* Git Test-Prefix.pch */ = {isa = PBXFileReference; lastKnownFileType = sourcecode.c.h; path = "Git Test-Prefix.pch"; sourceTree = "<group>"; };
		0BB5E4251906404A00BB9C25 /* OOAppDelegate.h */ = {isa = PBXFileReference; lastKnownFileType = sourcecode.c.h; path = OOAppDelegate.h; sourceTree = "<group>"; };
		0BB5E4261906404A00BB9C25 /* OOAppDelegate.m */ = {isa = PBXFileReference; lastKnownFileType = sourcecode.c.objc; path = OOAppDelegate.m; sourceTree = "<group>"; };
		0BB5E4291906404A00BB9C25 /* Base */ = {isa = PBXFileReference; lastKnownFileType = file.storyboard; name = Base; path = Base.lproj/Main.storyboard; sourceTree = "<group>"; };
		0BB5E42B1906404A00BB9C25 /* OOViewController.h */ = {isa = PBXFileReference; lastKnownFileType = sourcecode.c.h; path = OOViewController.h; sourceTree = "<group>"; };
		0BB5E42C1906404A00BB9C25 /* OOViewController.m */ = {isa = PBXFileReference; lastKnownFileType = sourcecode.c.objc; path = OOViewController.m; sourceTree = "<group>"; };
		0BB5E42E1906404A00BB9C25 /* Images.xcassets */ = {isa = PBXFileReference; lastKnownFileType = folder.assetcatalog; path = Images.xcassets; sourceTree = "<group>"; };
		0BB5E4341906404A00BB9C25 /* Git TestTests.xctest */ = {isa = PBXFileReference; explicitFileType = wrapper.cfbundle; includeInIndex = 0; path = "Git TestTests.xctest"; sourceTree = BUILT_PRODUCTS_DIR; };
		0BB5E4351906404A00BB9C25 /* XCTest.framework */ = {isa = PBXFileReference; lastKnownFileType = wrapper.framework; name = XCTest.framework; path = Library/Frameworks/XCTest.framework; sourceTree = DEVELOPER_DIR; };
		0BB5E43D1906404A00BB9C25 /* Git TestTests-Info.plist */ = {isa = PBXFileReference; lastKnownFileType = text.plist.xml; path = "Git TestTests-Info.plist"; sourceTree = "<group>"; };
		0BB5E43F1906404A00BB9C25 /* en */ = {isa = PBXFileReference; lastKnownFileType = text.plist.strings; name = en; path = en.lproj/InfoPlist.strings; sourceTree = "<group>"; };
		0BB5E4411906404A00BB9C25 /* Git_TestTests.m */ = {isa = PBXFileReference; lastKnownFileType = sourcecode.c.objc; path = Git_TestTests.m; sourceTree = "<group>"; };
		0BB5E44B190644F600BB9C25 /* OOTest.h */ = {isa = PBXFileReference; fileEncoding = 4; lastKnownFileType = sourcecode.c.h; path = OOTest.h; sourceTree = "<group>"; };
		0BB5E44C190644F600BB9C25 /* OOTest.m */ = {isa = PBXFileReference; fileEncoding = 4; lastKnownFileType = sourcecode.c.objc; path = OOTest.m; sourceTree = "<group>"; };
/* End PBXFileReference section */

/* Begin PBXFrameworksBuildPhase section */
		0BB5E4101906404A00BB9C25 /* Frameworks */ = {
			isa = PBXFrameworksBuildPhase;
			buildActionMask = 2147483647;
			files = (
				0BB5E4191906404A00BB9C25 /* CoreGraphics.framework in Frameworks */,
				0BB5E41B1906404A00BB9C25 /* UIKit.framework in Frameworks */,
				0BB5E4171906404A00BB9C25 /* Foundation.framework in Frameworks */,
			);
			runOnlyForDeploymentPostprocessing = 0;
		};
		0BB5E4311906404A00BB9C25 /* Frameworks */ = {
			isa = PBXFrameworksBuildPhase;
			buildActionMask = 2147483647;
			files = (
				0BB5E4361906404A00BB9C25 /* XCTest.framework in Frameworks */,
				0BB5E4381906404A00BB9C25 /* UIKit.framework in Frameworks */,
				0BB5E4371906404A00BB9C25 /* Foundation.framework in Frameworks */,
			);
			runOnlyForDeploymentPostprocessing = 0;
		};
/* End PBXFrameworksBuildPhase section */

/* Begin PBXGroup section */
		0BB5E40A1906404A00BB9C25 = {
			isa = PBXGroup;
			children = (
				0BB5E41C1906404A00BB9C25 /* Git Test */,
				0BB5E43B1906404A00BB9C25 /* Git TestTests */,
				0BB5E4151906404A00BB9C25 /* Frameworks */,
				0BB5E4141906404A00BB9C25 /* Products */,
			);
			sourceTree = "<group>";
		};
		0BB5E4141906404A00BB9C25 /* Products */ = {
			isa = PBXGroup;
			children = (
				0BB5E4131906404A00BB9C25 /* Git Test.app */,
				0BB5E4341906404A00BB9C25 /* Git TestTests.xctest */,
			);
			name = Products;
			sourceTree = "<group>";
		};
		0BB5E4151906404A00BB9C25 /* Frameworks */ = {
			isa = PBXGroup;
			children = (
				0BB5E4161906404A00BB9C25 /* Foundation.framework */,
				0BB5E4181906404A00BB9C25 /* CoreGraphics.framework */,
				0BB5E41A1906404A00BB9C25 /* UIKit.framework */,
				0BB5E4351906404A00BB9C25 /* XCTest.framework */,
			);
			name = Frameworks;
			sourceTree = "<group>";
		};
		0BB5E41C1906404A00BB9C25 /* Git Test */ = {
			isa = PBXGroup;
			children = (
				0BB5E4251906404A00BB9C25 /* OOAppDelegate.h */,
				0BB5E4261906404A00BB9C25 /* OOAppDelegate.m */,
				0BB5E4281906404A00BB9C25 /* Main.storyboard */,
				0BB5E42B1906404A00BB9C25 /* OOViewController.h */,
				0BB5E42C1906404A00BB9C25 /* OOViewController.m */,
				0BB5E44B190644F600BB9C25 /* OOTest.h */,
				0BB5E44C190644F600BB9C25 /* OOTest.m */,
				0BB5E42E1906404A00BB9C25 /* Images.xcassets */,
				0BB5E41D1906404A00BB9C25 /* Supporting Files */,
			);
			path = "Git Test";
			sourceTree = "<group>";
		};
		0BB5E41D1906404A00BB9C25 /* Supporting Files */ = {
			isa = PBXGroup;
			children = (
				0BB5E41E1906404A00BB9C25 /* Git Test-Info.plist */,
				0BB5E41F1906404A00BB9C25 /* InfoPlist.strings */,
				0BB5E4221906404A00BB9C25 /* main.m */,
				0BB5E4241906404A00BB9C25 /* Git Test-Prefix.pch */,
			);
			name = "Supporting Files";
			sourceTree = "<group>";
		};
		0BB5E43B1906404A00BB9C25 /* Git TestTests */ = {
			isa = PBXGroup;
			children = (
				0BB5E4411906404A00BB9C25 /* Git_TestTests.m */,
				0BB5E43C1906404A00BB9C25 /* Supporting Files */,
			);
			path = "Git TestTests";
			sourceTree = "<group>";
		};
		0BB5E43C1906404A00BB9C25 /* Supporting Files */ = {
			isa = PBXGroup;
			children = (
				0BB5E43D1906404A00BB9C25 /* Git TestTests-Info.plist */,
				0BB5E43E1906404A00BB9C25 /* InfoPlist.strings */,
			);
			name = "Supporting Files";
			sourceTree = "<group>";
		};
/* End PBXGroup section */

/* Begin PBXNativeTarget section */
		0BB5E4121906404A00BB9C25 /* Git Test */ = {
			isa = PBXNativeTarget;
			buildConfigurationList = 0BB5E4451906404A00BB9C25 /* Build configuration list for PBXNativeTarget "Git Test" */;
			buildPhases = (
				0BB5E40F1906404A00BB9C25 /* Sources */,
				0BB5E4101906404A00BB9C25 /* Frameworks */,
				0BB5E4111906404A00BB9C25 /* Resources */,
			);
			buildRules = (
			);
			dependencies = (
			);
			name = "Git Test";
			productName = "Git Test";
			productReference = 0BB5E4131906404A00BB9C25 /* Git Test.app */;
			productType = "com.apple.product-type.application";
		};
		0BB5E4331906404A00BB9C25 /* Git TestTests */ = {
			isa = PBXNativeTarget;
			buildConfigurationList = 0BB5E4481906404A00BB9C25 /* Build configuration list for PBXNativeTarget "Git TestTests" */;
			buildPhases = (
				0BB5E4301906404A00BB9C25 /* Sources */,
				0BB5E4311906404A00BB9C25 /* Frameworks */,
				0BB5E4321906404A00BB9C25 /* Resources */,
			);
			buildRules = (
			);
			dependencies = (
				0BB5E43A1906404A00BB9C25 /* PBXTargetDependency */,
			);
			name = "Git TestTests";
			productName = "Git TestTests";
			productReference = 0BB5E4341906404A00BB9C25 /* Git TestTests.xctest */;
			productType = "com.apple.product-type.bundle.unit-test";
		};
/* End PBXNativeTarget section */

/* Begin PBXProject section */
		0BB5E40B1906404A00BB9C25 /* Project object */ = {
			isa = PBXProject;
			attributes = {
				CLASSPREFIX = OO;
				LastUpgradeCheck = 0510;
				ORGANIZATIONNAME = breath2;
				TargetAttributes = {
					0BB5E4331906404A00BB9C25 = {
						TestTargetID = 0BB5E4121906404A00BB9C25;
					};
				};
			};
			buildConfigurationList = 0BB5E40E1906404A00BB9C25 /* Build configuration list for PBXProject "Git Test" */;
			compatibilityVersion = "Xcode 3.2";
			developmentRegion = English;
			hasScannedForEncodings = 0;
			knownRegions = (
				en,
				Base,
			);
			mainGroup = 0BB5E40A1906404A00BB9C25;
			productRefGroup = 0BB5E4141906404A00BB9C25 /* Products */;
			projectDirPath = "";
			projectRoot = "";
			targets = (
				0BB5E4121906404A00BB9C25 /* Git Test */,
				0BB5E4331906404A00BB9C25 /* Git TestTests */,
			);
		};
/* End PBXProject section */

/* Begin PBXResourcesBuildPhase section */
		0BB5E4111906404A00BB9C25 /* Resources */ = {
			isa = PBXResourcesBuildPhase;
			buildActionMask = 2147483647;
			files = (
				0BB5E42F1906404A00BB9C25 /* Images.xcassets in Resources */,
				0BB5E4211906404A00BB9C25 /* InfoPlist.strings in Resources */,
				0BB5E42A1906404A00BB9C25 /* Main.storyboard in Resources */,
			);
			runOnlyForDeploymentPostprocessing = 0;
		};
		0BB5E4321906404A00BB9C25 /* Resources */ = {
			isa = PBXResourcesBuildPhase;
			buildActionMask = 2147483647;
			files = (
				0BB5E4401906404A00BB9C25 /* InfoPlist.strings in Resources */,
			);
			runOnlyForDeploymentPostprocessing = 0;
		};
/* End PBXResourcesBuildPhase section */

/* Begin PBXSourcesBuildPhase section */
		0BB5E40F1906404A00BB9C25 /* Sources */ = {
			isa = PBXSourcesBuildPhase;
			buildActionMask = 2147483647;
			files = (
				0BB5E4271906404A00BB9C25 /* OOAppDelegate.m in Sources */,
				0BB5E44D190644F600BB9C25 /* OOTest.m in Sources */,
				0BB5E4231906404A00BB9C25 /* main.m in Sources */,
				0BB5E42D1906404A00BB9C25 /* OOViewController.m in Sources */,
			);
			runOnlyForDeploymentPostprocessing = 0;
		};
		0BB5E4301906404A00BB9C25 /* Sources */ = {
			isa = PBXSourcesBuildPhase;
			buildActionMask = 2147483647;
			files = (
				0BB5E4421906404A00BB9C25 /* Git_TestTests.m in Sources */,
			);
			runOnlyForDeploymentPostprocessing = 0;
		};
/* End PBXSourcesBuildPhase section */

/* Begin PBXTargetDependency section */
		0BB5E43A1906404A00BB9C25 /* PBXTargetDependency */ = {
			isa = PBXTargetDependency;
			target = 0BB5E4121906404A00BB9C25 /* Git Test */;
			targetProxy = 0BB5E4391906404A00BB9C25 /* PBXContainerItemProxy */;
		};
/* End PBXTargetDependency section */

/* Begin PBXVariantGroup section */
		0BB5E41F1906404A00BB9C25 /* InfoPlist.strings */ = {
			isa = PBXVariantGroup;
			children = (
				0BB5E4201906404A00BB9C25 /* en */,
			);
			name = InfoPlist.strings;
			sourceTree = "<group>";
		};
		0BB5E4281906404A00BB9C25 /* Main.storyboard */ = {
			isa = PBXVariantGroup;
			children = (
				0BB5E4291906404A00BB9C25 /* Base */,
			);
			name = Main.storyboard;
			sourceTree = "<group>";
		};
		0BB5E43E1906404A00BB9C25 /* InfoPlist.strings */ = {
			isa = PBXVariantGroup;
			children = (
				0BB5E43F1906404A00BB9C25 /* en */,
			);
			name = InfoPlist.strings;
			sourceTree = "<group>";
		};
/* End PBXVariantGroup section */

/* Begin XCBuildConfiguration section */
		0BB5E4431906404A00BB9C25 /* Debug */ = {
			isa = XCBuildConfiguration;
			buildSettings = {
				ALWAYS_SEARCH_USER_PATHS = NO;
				CLANG_CXX_LANGUAGE_STANDARD = "gnu++0x";
				CLANG_CXX_LIBRARY = "libc++";
				CLANG_ENABLE_MODULES = YES;
				CLANG_ENABLE_OBJC_ARC = YES;
				CLANG_WARN_BOOL_CONVERSION = YES;
				CLANG_WARN_CONSTANT_CONVERSION = YES;
				CLANG_WARN_DIRECT_OBJC_ISA_USAGE = YES_ERROR;
				CLANG_WARN_EMPTY_BODY = YES;
				CLANG_WARN_ENUM_CONVERSION = YES;
				CLANG_WARN_INT_CONVERSION = YES;
				CLANG_WARN_OBJC_ROOT_CLASS = YES_ERROR;
				CLANG_WARN__DUPLICATE_METHOD_MATCH = YES;
				"CODE_SIGN_IDENTITY[sdk=iphoneos*]" = "iPhone Developer";
				COPY_PHASE_STRIP = NO;
				GCC_C_LANGUAGE_STANDARD = gnu99;
				GCC_DYNAMIC_NO_PIC = NO;
				GCC_OPTIMIZATION_LEVEL = 0;
				GCC_PREPROCESSOR_DEFINITIONS = (
					"DEBUG=1",
					"$(inherited)",
				);
				GCC_SYMBOLS_PRIVATE_EXTERN = NO;
				GCC_WARN_64_TO_32_BIT_CONVERSION = YES;
				GCC_WARN_ABOUT_RETURN_TYPE = YES_ERROR;
				GCC_WARN_UNDECLARED_SELECTOR = YES;
				GCC_WARN_UNINITIALIZED_AUTOS = YES_AGGRESSIVE;
				GCC_WARN_UNUSED_FUNCTION = YES;
				GCC_WARN_UNUSED_VARIABLE = YES;
				IPHONEOS_DEPLOYMENT_TARGET = 7.1;
				ONLY_ACTIVE_ARCH = YES;
				SDKROOT = iphoneos;
			};
			name = Debug;
		};
		0BB5E4441906404A00BB9C25 /* Release */ = {
			isa = XCBuildConfiguration;
			buildSettings = {
				ALWAYS_SEARCH_USER_PATHS = NO;
				CLANG_CXX_LANGUAGE_STANDARD = "gnu++0x";
				CLANG_CXX_LIBRARY = "libc++";
				CLANG_ENABLE_MODULES = YES;
				CLANG_ENABLE_OBJC_ARC = YES;
				CLANG_WARN_BOOL_CONVERSION = YES;
				CLANG_WARN_CONSTANT_CONVERSION = YES;
				CLANG_WARN_DIRECT_OBJC_ISA_USAGE = YES_ERROR;
				CLANG_WARN_EMPTY_BODY = YES;
				CLANG_WARN_ENUM_CONVERSION = YES;
				CLANG_WARN_INT_CONVERSION = YES;
				CLANG_WARN_OBJC_ROOT_CLASS = YES_ERROR;
				CLANG_WARN__DUPLICATE_METHOD_MATCH = YES;
				"CODE_SIGN_IDENTITY[sdk=iphoneos*]" = "iPhone Developer";
				COPY_PHASE_STRIP = YES;
				ENABLE_NS_ASSERTIONS = NO;
				GCC_C_LANGUAGE_STANDARD = gnu99;
				GCC_WARN_64_TO_32_BIT_CONVERSION = YES;
				GCC_WARN_ABOUT_RETURN_TYPE = YES_ERROR;
				GCC_WARN_UNDECLARED_SELECTOR = YES;
				GCC_WARN_UNINITIALIZED_AUTOS = YES_AGGRESSIVE;
				GCC_WARN_UNUSED_FUNCTION = YES;
				GCC_WARN_UNUSED_VARIABLE = YES;
				IPHONEOS_DEPLOYMENT_TARGET = 7.1;
				SDKROOT = iphoneos;
				VALIDATE_PRODUCT = YES;
			};
			name = Release;
		};
		0BB5E4461906404A00BB9C25 /* Debug */ = {
			isa = XCBuildConfiguration;
			buildSettings = {
				ASSETCATALOG_COMPILER_APPICON_NAME = AppIcon;
				ASSETCATALOG_COMPILER_LAUNCHIMAGE_NAME = LaunchImage;
				GCC_PRECOMPILE_PREFIX_HEADER = YES;
				GCC_PREFIX_HEADER = "Git Test/Git Test-Prefix.pch";
				INFOPLIST_FILE = "Git Test/Git Test-Info.plist";
				PRODUCT_NAME = "$(TARGET_NAME)";
				WRAPPER_EXTENSION = app;
			};
			name = Debug;
		};
		0BB5E4471906404A00BB9C25 /* Release */ = {
			isa = XCBuildConfiguration;
			buildSettings = {
				ASSETCATALOG_COMPILER_APPICON_NAME = AppIcon;
				ASSETCATALOG_COMPILER_LAUNCHIMAGE_NAME = LaunchImage;
				GCC_PRECOMPILE_PREFIX_HEADER = YES;
				GCC_PREFIX_HEADER = "Git Test/Git Test-Prefix.pch";
				INFOPLIST_FILE = "Git Test/Git Test-Info.plist";
				PRODUCT_NAME = "$(TARGET_NAME)";
				WRAPPER_EXTENSION = app;
			};
			name = Release;
		};
		0BB5E4491906404A00BB9C25 /* Debug */ = {
			isa = XCBuildConfiguration;
			buildSettings = {
				BUNDLE_LOADER = "$(BUILT_PRODUCTS_DIR)/Git Test.app/Git Test";
				FRAMEWORK_SEARCH_PATHS = (
					"$(SDKROOT)/Developer/Library/Frameworks",
					"$(inherited)",
					"$(DEVELOPER_FRAMEWORKS_DIR)",
				);
				GCC_PRECOMPILE_PREFIX_HEADER = YES;
				GCC_PREFIX_HEADER = "Git Test/Git Test-Prefix.pch";
				GCC_PREPROCESSOR_DEFINITIONS = (
					"DEBUG=1",
					"$(inherited)",
				);
				INFOPLIST_FILE = "Git TestTests/Git TestTests-Info.plist";
				PRODUCT_NAME = "$(TARGET_NAME)";
				TEST_HOST = "$(BUNDLE_LOADER)";
				WRAPPER_EXTENSION = xctest;
			};
			name = Debug;
		};
		0BB5E44A1906404A00BB9C25 /* Release */ = {
			isa = XCBuildConfiguration;
			buildSettings = {
				BUNDLE_LOADER = "$(BUILT_PRODUCTS_DIR)/Git Test.app/Git Test";
				FRAMEWORK_SEARCH_PATHS = (
					"$(SDKROOT)/Developer/Library/Frameworks",
					"$(inherited)",
					"$(DEVELOPER_FRAMEWORKS_DIR)",
				);
				GCC_PRECOMPILE_PREFIX_HEADER = YES;
				GCC_PREFIX_HEADER = "Git Test/Git Test-Prefix.pch";
				INFOPLIST_FILE = "Git TestTests/Git TestTests-Info.plist";
				PRODUCT_NAME = "$(TARGET_NAME)";
				TEST_HOST = "$(BUNDLE_LOADER)";
				WRAPPER_EXTENSION = xctest;
			};
			name = Release;
		};
/* End XCBuildConfiguration section */

/* Begin XCConfigurationList section */
		0BB5E40E1906404A00BB9C25 /* Build configuration list for PBXProject "Git Test" */ = {
			isa = XCConfigurationList;
			buildConfigurations = (
				0BB5E4431906404A00BB9C25 /* Debug */,
				0BB5E4441906404A00BB9C25 /* Release */,
			);
			defaultConfigurationIsVisible = 0;
			defaultConfigurationName = Release;
		};
		0BB5E4451906404A00BB9C25 /* Build configuration list for PBXNativeTarget "Git Test" */ = {
			isa = XCConfigurationList;
			buildConfigurations = (
				0BB5E4461906404A00BB9C25 /* Debug */,
				0BB5E4471906404A00BB9C25 /* Release */,
			);
			defaultConfigurationIsVisible = 0;
			defaultConfigurationName = Release;
		};
		0BB5E4481906404A00BB9C25 /* Build configuration list for PBXNativeTarget "Git TestTests" */ = {
			isa = XCConfigurationList;
			buildConfigurations = (
				0BB5E4491906404A00BB9C25 /* Debug */,
				0BB5E44A1906404A00BB9C25 /* Release */,
			);
			defaultConfigurationIsVisible = 0;
			defaultConfigurationName = Release;
		};
/* End XCConfigurationList section */
	};
	rootObject = 0BB5E40B1906404A00BB9C25 /* Project object */;
}
